{
  "name": "json-path",
  "version": "1.0.0",
  "lockfileVersion": 1,
  "requires": true,
  "dependencies": {
    "fast-xml-parser": {
      "version": "4.0.9",
      "resolved": "https://registry.npmjs.org/fast-xml-parser/-/fast-xml-parser-4.0.9.tgz",
      "integrity": "sha512-4G8EzDg2Nb1Qurs3f7BpFV4+jpMVsdgLVuG1Uv8O2OHJfVCg7gcA53obuKbmVqzd4Y7YXVBK05oJG7hzGIdyzg==",
      "requires": {
        "strnum": "^1.0.5"
      }
    },
    "jsonpath-plus": {
      "version": "7.0.0",
      "resolved": "https://registry.npmjs.org/jsonpath-plus/-/jsonpath-plus-7.0.0.tgz",
      "integrity": "sha512-MH4UnrWrU1hJGVEyEyjvYgONkzNTO6Yol0nq18EMnUQ/ZC5cTuJheirXXIwu1b9mZ6t3XL0P79gPsu+zlTnDIQ=="
    },
    "strnum": {
      "version": "1.0.5",
      "resolved": "https://registry.npmjs.org/strnum/-/strnum-1.0.5.tgz",
      "integrity": "sha512-J8bbNyKKXl5qYcR36TIO8W3mVGVHrmmxsd5PAItGkmyzwJvybiw2IVq5nqd0i4LSNSkB/sx9VHllbfFdr9k1JA=="
    }
  }
}
